{
  "nodes": {
    "crane": {
      "flake": false,
      "locked": {
        "lastModified": 1670900067,
        "narHash": "sha256-VXVa+KBfukhmWizaiGiHRVX/fuk66P8dgSFfkVN4/MY=",
        "owner": "ipetkov",
        "repo": "crane",
        "rev": "59b31b41a589c0a65e4a1f86b0e5eac68081468b",
        "type": "github"
      },
      "original": {
        "owner": "ipetkov",
        "repo": "crane",
        "type": "github"
      }
    },
    "dream2nix": {
      "inputs": {
        "all-cabal-json": [
          "helix",
          "nci"
        ],
        "crane": "crane",
        "devshell": [
          "helix",
          "nci"
        ],
        "drv-parts": "drv-parts",
        "flake-compat": "flake-compat",
        "flake-parts": [
          "helix",
          "nci",
          "parts"
        ],
        "flake-utils-pre-commit": [
          "helix",
          "nci"
        ],
        "ghc-utils": [
          "helix",
          "nci"
        ],
        "gomod2nix": [
          "helix",
          "nci"
        ],
        "mach-nix": [
          "helix",
          "nci"
        ],
        "nix-pypi-fetcher": [
          "helix",
          "nci"
        ],
        "nixpkgs": [
          "helix",
          "nci",
          "nixpkgs"
        ],
        "nixpkgsV1": "nixpkgsV1",
        "poetry2nix": [
          "helix",
          "nci"
        ],
        "pre-commit-hooks": [
          "helix",
          "nci"
        ],
        "pruned-racket-catalog": [
          "helix",
          "nci"
        ]
      },
      "locked": {
        "lastModified": 1680258209,
        "narHash": "sha256-lEo50RXI/17/a9aCIun8Hz62ZJ5JM5RGeTgclIP+Lgc=",
        "owner": "nix-community",
        "repo": "dream2nix",
        "rev": "6f512b5a220fdb26bd3c659f7b55e4f052ec8b35",
        "type": "github"
      },
      "original": {
        "owner": "nix-community",
        "repo": "dream2nix",
        "type": "github"
      }
    },
    "drv-parts": {
      "inputs": {
        "flake-compat": [
          "helix",
          "nci",
          "dream2nix",
          "flake-compat"
        ],
        "flake-parts": [
          "helix",
          "nci",
          "dream2nix",
          "flake-parts"
        ],
        "nixpkgs": [
          "helix",
          "nci",
          "dream2nix",
          "nixpkgs"
        ]
      },
      "locked": {
        "lastModified": 1680172861,
        "narHash": "sha256-QMyI338xRxaHFDlCXdLCtgelGQX2PdlagZALky4ZXJ8=",
        "owner": "davhau",
        "repo": "drv-parts",
        "rev": "ced8a52f62b0a94244713df2225c05c85b416110",
        "type": "github"
      },
      "original": {
        "owner": "davhau",
        "repo": "drv-parts",
        "type": "github"
      }
    },
    "flake-compat": {
      "flake": false,
      "locked": {
        "lastModified": 1673956053,
        "narHash": "sha256-4gtG9iQuiKITOjNQQeQIpoIB6b16fm+504Ch3sNKLd8=",
        "owner": "edolstra",
        "repo": "flake-compat",
        "rev": "35bb57c0c8d8b62bbfd284272c928ceb64ddbde9",
        "type": "github"
      },
      "original": {
        "owner": "edolstra",
        "repo": "flake-compat",
        "type": "github"
      }
    },
    "flake-utils": {
      "locked": {
        "lastModified": 1659877975,
        "narHash": "sha256-zllb8aq3YO3h8B/U0/J1WBgAL8EX5yWf5pMj3G0NAmc=",
        "owner": "numtide",
        "repo": "flake-utils",
        "rev": "c0e246b9b83f637f4681389ecabcb2681b4f3af0",
        "type": "github"
      },
      "original": {
        "owner": "numtide",
        "repo": "flake-utils",
        "type": "github"
      }
    },
    "helix": {
      "inputs": {
        "nci": "nci",
        "nixpkgs": "nixpkgs",
        "parts": "parts_2",
        "rust-overlay": "rust-overlay"
      },
      "locked": {
        "lastModified": 1682471716,
        "narHash": "sha256-1yRVApOkxyph5vQiSMfFx7FWzLanQEVYog7cIlKO5eY=",
        "owner": "helix-editor",
        "repo": "helix",
        "rev": "080f85c34f7bfc3de8b8441d51d434623a4a9f79",
        "type": "github"
      },
      "original": {
        "owner": "helix-editor",
        "repo": "helix",
        "type": "github"
      }
    },
    "home-manager": {
      "inputs": {
        "nixpkgs": [
          "nixpkgs"
        ]
      },
      "locked": {
        "lastModified": 1682419509,
        "narHash": "sha256-+/HI3RbJcEKQ5+55dECzh8geginsbabsA0R3ORKi2Us=",
        "owner": "nix-community",
        "repo": "home-manager",
        "rev": "6142193635ecdafb9a231bd7d1880b9b7b210d19",
        "type": "github"
      },
      "original": {
        "owner": "nix-community",
        "repo": "home-manager",
        "type": "github"
      }
    },
    "hyprland": {
      "inputs": {
        "hyprland-protocols": "hyprland-protocols",
        "nixpkgs": "nixpkgs_2",
        "wlroots": "wlroots",
        "xdph": "xdph"
      },
      "locked": {
        "lastModified": 1682455824,
        "narHash": "sha256-NY648vSHIRT56lbclqCUjV1xYXN91XVlXCMkbrPeC7o=",
        "owner": "hyprwm",
        "repo": "Hyprland",
        "rev": "28ca434fb52befa2058a6c23b21566c280654e03",
        "type": "github"
      },
      "original": {
        "owner": "hyprwm",
        "repo": "Hyprland",
        "type": "github"
      }
    },
    "hyprland-protocols": {
      "inputs": {
        "nixpkgs": [
          "hyprland",
          "nixpkgs"
        ]
      },
      "locked": {
        "lastModified": 1681065697,
        "narHash": "sha256-QPzwwlGKX95tl6ZEshboZbEwwAXww6lNLdVYd6T9Mrc=",
        "owner": "hyprwm",
        "repo": "hyprland-protocols",
        "rev": "4d29e48433270a2af06b8bc711ca1fe5109746cd",
        "type": "github"
      },
      "original": {
        "owner": "hyprwm",
        "repo": "hyprland-protocols",
        "type": "github"
      }
    },
    "mk-naked-shell": {
      "flake": false,
      "locked": {
        "lastModified": 1676572903,
        "narHash": "sha256-oQoDHHUTxNVSURfkFcYLuAK+btjs30T4rbEUtCUyKy8=",
        "owner": "yusdacra",
        "repo": "mk-naked-shell",
        "rev": "aeca9f8aa592f5e8f71f407d081cb26fd30c5a57",
        "type": "github"
      },
      "original": {
        "owner": "yusdacra",
        "repo": "mk-naked-shell",
        "type": "github"
      }
    },
    "nci": {
      "inputs": {
        "dream2nix": "dream2nix",
        "mk-naked-shell": "mk-naked-shell",
        "nixpkgs": [
          "helix",
          "nixpkgs"
        ],
        "parts": "parts",
        "rust-overlay": [
          "helix",
          "rust-overlay"
        ]
      },
      "locked": {
        "lastModified": 1680329418,
        "narHash": "sha256-+KN0eQLSZvL1J0kDO8/fxv0UCHTyZCADLmpIfeeiSGo=",
        "owner": "yusdacra",
        "repo": "nix-cargo-integration",
        "rev": "98c1d2ff5155f0fee5d290f6b982cb990839d540",
        "type": "github"
      },
      "original": {
        "owner": "yusdacra",
        "repo": "nix-cargo-integration",
        "type": "github"
      }
    },
    "nixlib": {
      "locked": {
        "lastModified": 1681001314,
        "narHash": "sha256-5sDnCLdrKZqxLPK4KA8+f4A3YKO/u6ElpMILvX0g72c=",
        "owner": "nix-community",
        "repo": "nixpkgs.lib",
        "rev": "367c0e1086a4eb4502b24d872cea2c7acdd557f4",
        "type": "github"
      },
      "original": {
        "owner": "nix-community",
        "repo": "nixpkgs.lib",
        "type": "github"
      }
    },
    "nixos-generators": {
      "inputs": {
        "nixlib": "nixlib",
        "nixpkgs": [
          "nixpkgs"
        ]
      },
      "locked": {
        "lastModified": 1682332772,
        "narHash": "sha256-GMoWhChQdeNM2FFqVbEZgBABSdi/+JgSP6v+jUz5b24=",
        "owner": "nix-community",
        "repo": "nixos-generators",
        "rev": "d774aeedc0685e5871be1e1ee0511900deeb21c2",
        "type": "github"
      },
      "original": {
        "owner": "nix-community",
        "repo": "nixos-generators",
        "type": "github"
      }
    },
    "nixos-hardware": {
      "locked": {
        "lastModified": 1680876084,
        "narHash": "sha256-eP9yxP0wc7XuVaODugh+ajgbFGaile2O1ihxiLxOuvU=",
        "owner": "NixOS",
        "repo": "nixos-hardware",
        "rev": "3006d2860a6ed5e01b0c3e7ffb730e9b293116e2",
        "type": "github"
      },
      "original": {
        "owner": "NixOS",
        "ref": "master",
        "repo": "nixos-hardware",
        "type": "github"
      }
    },
    "nixpkgs": {
      "locked": {
        "lastModified": 1680213900,
        "narHash": "sha256-cIDr5WZIj3EkKyCgj/6j3HBH4Jj1W296z7HTcWj1aMA=",
        "owner": "nixos",
        "repo": "nixpkgs",
        "rev": "e3652e0735fbec227f342712f180f4f21f0594f2",
        "type": "github"
      },
      "original": {
        "owner": "nixos",
        "ref": "nixos-unstable",
        "repo": "nixpkgs",
        "type": "github"
      }
    },
    "nixpkgs-lib": {
      "locked": {
        "dir": "lib",
        "lastModified": 1678375444,
        "narHash": "sha256-XIgHfGvjFvZQ8hrkfocanCDxMefc/77rXeHvYdzBMc8=",
        "owner": "NixOS",
        "repo": "nixpkgs",
        "rev": "130fa0baaa2b93ec45523fdcde942f6844ee9f6e",
        "type": "github"
      },
      "original": {
        "dir": "lib",
        "owner": "NixOS",
        "ref": "nixos-unstable",
        "repo": "nixpkgs",
        "type": "github"
      }
    },
    "nixpkgs-stable": {
      "locked": {
        "lastModified": 1682173319,
        "narHash": "sha256-tPhOpJJ+wrWIusvGgIB2+x6ILfDkEgQMX0BTtM5vd/4=",
        "owner": "NixOS",
        "repo": "nixpkgs",
        "rev": "ee7ec1c71adc47d2e3c2d5eb0d6b8fbbd42a8d1c",
        "type": "github"
      },
      "original": {
        "owner": "NixOS",
        "ref": "release-22.11",
        "repo": "nixpkgs",
        "type": "github"
      }
    },
    "nixpkgsV1": {
      "locked": {
        "lastModified": 1678500271,
        "narHash": "sha256-tRBLElf6f02HJGG0ZR7znMNFv/Uf7b2fFInpTHiHaSE=",
        "owner": "NixOS",
        "repo": "nixpkgs",
        "rev": "5eb98948b66de29f899c7fe27ae112a47964baf8",
        "type": "github"
      },
      "original": {
        "id": "nixpkgs",
        "ref": "nixos-22.11",
        "type": "indirect"
      }
    },
    "nixpkgs_2": {
      "locked": {
        "lastModified": 1681920287,
        "narHash": "sha256-+/d6XQQfhhXVfqfLROJoqj3TuG38CAeoT6jO1g9r1k0=",
        "owner": "NixOS",
        "repo": "nixpkgs",
        "rev": "645bc49f34fa8eff95479f0345ff57e55b53437e",
        "type": "github"
      },
      "original": {
        "owner": "NixOS",
        "ref": "nixos-unstable",
        "repo": "nixpkgs",
        "type": "github"
      }
    },
    "nixpkgs_3": {
      "locked": {
        "lastModified": 1682493015,
        "narHash": "sha256-KiMOAe8u83QDF40Z25kWMkZbqr9U+mvjvEJy5Qvw0nw=",
        "owner": "nixos",
        "repo": "nixpkgs",
        "rev": "60c0f762658916a4a5b5a36b3e06486f8301daf4",
        "type": "github"
      },
      "original": {
        "owner": "nixos",
        "ref": "nixos-22.11",
        "repo": "nixpkgs",
        "type": "github"
      }
    },
    "nixpkgs_4": {
      "locked": {
        "lastModified": 1682109806,
        "narHash": "sha256-d9g7RKNShMLboTWwukM+RObDWWpHKaqTYXB48clBWXI=",
        "owner": "NixOS",
        "repo": "nixpkgs",
        "rev": "2362848adf8def2866fabbffc50462e929d7fffb",
        "type": "github"
      },
      "original": {
        "owner": "NixOS",
        "ref": "nixpkgs-unstable",
        "repo": "nixpkgs",
        "type": "github"
      }
    },
    "parts": {
      "inputs": {
        "nixpkgs-lib": [
          "helix",
          "nci",
          "nixpkgs"
        ]
      },
      "locked": {
        "lastModified": 1679737941,
        "narHash": "sha256-srSD9CwsVPnUMsIZ7Kt/UegkKUEBcTyU1Rev7mO45S0=",
        "owner": "hercules-ci",
        "repo": "flake-parts",
        "rev": "3502ee99d6dade045bdeaf7b0cd8ec703484c25c",
        "type": "github"
      },
      "original": {
        "owner": "hercules-ci",
        "repo": "flake-parts",
        "type": "github"
      }
    },
    "parts_2": {
      "inputs": {
        "nixpkgs-lib": "nixpkgs-lib"
      },
      "locked": {
        "lastModified": 1679737941,
        "narHash": "sha256-srSD9CwsVPnUMsIZ7Kt/UegkKUEBcTyU1Rev7mO45S0=",
        "owner": "hercules-ci",
        "repo": "flake-parts",
        "rev": "3502ee99d6dade045bdeaf7b0cd8ec703484c25c",
        "type": "github"
      },
      "original": {
        "owner": "hercules-ci",
        "repo": "flake-parts",
        "type": "github"
      }
    },
    "root": {
      "inputs": {
        "helix": "helix",
        "home-manager": "home-manager",
        "hyprland": "hyprland",
        "nixos-generators": "nixos-generators",
        "nixos-hardware": "nixos-hardware",
        "nixpkgs": "nixpkgs_3",
        "sops-nix": "sops-nix"
      }
    },
    "rust-overlay": {
      "inputs": {
        "flake-utils": "flake-utils",
        "nixpkgs": [
          "helix",
          "nixpkgs"
        ]
      },
      "locked": {
        "lastModified": 1680315536,
        "narHash": "sha256-0AsBuKssJMbcRcw4HJQwJsUHhZxR5+gaf6xPQayhR44=",
        "owner": "oxalica",
        "repo": "rust-overlay",
        "rev": "5c8c151bdd639074a0051325c16df1a64ee23497",
        "type": "github"
      },
      "original": {
        "owner": "oxalica",
        "repo": "rust-overlay",
        "type": "github"
      }
    },
    "sops-nix": {
      "inputs": {
        "nixpkgs": "nixpkgs_4",
        "nixpkgs-stable": "nixpkgs-stable"
      },
      "locked": {
        "lastModified": 1682338428,
        "narHash": "sha256-T7AL/Us6ecxowjMAlO77GETTQO2SO+1XX2+Y/OSfHk8=",
        "owner": "Mic92",
        "repo": "sops-nix",
        "rev": "7c8e9727a2ecf9994d4a63d577ad5327e933b6a4",
        "type": "github"
      },
      "original": {
        "owner": "Mic92",
        "repo": "sops-nix",
        "type": "github"
      }
    },
    "wlroots": {
      "flake": false,
      "locked": {
        "host": "gitlab.freedesktop.org",
        "lastModified": 1681806570,
        "narHash": "sha256-Q3En42poeOlVJz4K1rg7p7hrlNCpC0dQy91R4Ucoapc=",
        "owner": "wlroots",
        "repo": "wlroots",
        "rev": "00489b11a0d926058d23584e2ad0e2b64f5b7406",
        "type": "gitlab"
      },
      "original": {
        "host": "gitlab.freedesktop.org",
        "owner": "wlroots",
        "repo": "wlroots",
        "type": "gitlab"
      }
    },
    "xdph": {
      "inputs": {
        "hyprland-protocols": [
          "hyprland",
          "hyprland-protocols"
        ],
        "nixpkgs": [
          "hyprland",
          "nixpkgs"
        ]
      },
      "locked": {
        "lastModified": 1681489757,
        "narHash": "sha256-FxgZ2jBU+wmbjIv7F4N5Jx6h+LD4aQ+bXHrzrbxapJk=",
        "owner": "hyprwm",
        "repo": "xdg-desktop-portal-hyprland",
        "rev": "bf035bf3d5b56fd3da9d11966ad0b3c57f852d78",
        "type": "github"
      },
      "original": {
        "owner": "hyprwm",
        "repo": "xdg-desktop-portal-hyprland",
        "type": "github"
      }
    }
  },
  "root": "root",
  "version": 7
}
